
Microsoft Visual Studio Solution File, Format Version 12.00
# Visual Studio 15
VisualStudioVersion = 15.0.28307.1082
MinimumVisualStudioVersion = 10.0.40219.1
Project("{FAE04EC0-301F-11D3-BF4B-00C04F79EFBC}") = "BabyAppApi", "BabyAppApi\BabyAppApi.csproj", "{E43A3A7E-599E-46EA-A72E-19B1660701BC}"
EndProject
Project("{FAE04EC0-301F-11D3-BF4B-00C04F79EFBC}") = "Dal", "Dal\Dal.csproj", "{4469C995-5E6C-43E6-BB75-F02370240A11}"
EndProject
Project("{FAE04EC0-301F-11D3-BF4B-00C04F79EFBC}") = "Dto", "Dto\Dto.csproj", "{B03C3EEB-782C-488D-BB92-E731F8D98B77}"
EndProject
Project("{FAE04EC0-301F-11D3-BF4B-00C04F79EFBC}") = "Bl", "Bl\Bl.csproj", "{E14DCA5E-B0DC-4FA7-B668-D9D8A451C3F5}"
EndProject
Global
	GlobalSection(SolutionConfigurationPlatforms) = preSolution
		Debug|Any CPU = Debug|Any CPU
		Release|Any CPU = Release|Any CPU
	EndGlobalSection
	GlobalSection(ProjectConfigurationPlatforms) = postSolution
		{E43A3A7E-599E-46EA-A72E-19B1660701BC}.Debug|Any CPU.ActiveCfg = Debug|Any CPU
		{E43A3A7E-599E-46EA-A72E-19B1660701BC}.Debug|Any CPU.Build.0 = Debug|Any CPU
		{E43A3A7E-599E-46EA-A72E-19B1660701BC}.Release|Any CPU.ActiveCfg = Release|Any CPU
		{E43A3A7E-599E-46EA-A72E-19B1660701BC}.Release|Any CPU.Build.0 = Release|Any CPU
		{4469C995-5E6C-43E6-BB75-F02370240A11}.Debug|Any CPU.ActiveCfg = Debug|Any CPU
		{4469C995-5E6C-43E6-BB75-F02370240A11}.Debug|Any CPU.Build.0 = Debug|Any CPU
		{4469C995-5E6C-43E6-BB75-F02370240A11}.Release|Any CPU.ActiveCfg = Release|Any CPU
		{4469C995-5E6C-43E6-BB75-F02370240A11}.Release|Any CPU.Build.0 = Release|Any CPU
		{B03C3EEB-782C-488D-BB92-E731F8D98B77}.Debug|Any CPU.ActiveCfg = Debug|Any CPU
		{B03C3EEB-782C-488D-BB92-E731F8D98B77}.Debug|Any CPU.Build.0 = Debug|Any CPU
		{B03C3EEB-782C-488D-BB92-E731F8D98B77}.Release|Any CPU.ActiveCfg = Release|Any CPU
		{B03C3EEB-782C-488D-BB92-E731F8D98B77}.Release|Any CPU.Build.0 = Release|Any CPU
		{E14DCA5E-B0DC-4FA7-B668-D9D8A451C3F5}.Debug|Any CPU.ActiveCfg = Debug|Any CPU
		{E14DCA5E-B0DC-4FA7-B668-D9D8A451C3F5}.Debug|Any CPU.Build.0 = Debug|Any CPU
		{E14DCA5E-B0DC-4FA7-B668-D9D8A451C3F5}.Release|Any CPU.ActiveCfg = Release|Any CPU
		{E14DCA5E-B0DC-4FA7-B668-D9D8A451C3F5}.Release|Any CPU.Build.0 = Release|Any CPU
	EndGlobalSection
	GlobalSection(SolutionProperties) = preSolution
		HideSolutionNode = FALSE
	EndGlobalSection
	GlobalSection(ExtensibilityGlobals) = postSolution
		SolutionGuid = {13BF6E49-0C86-4670-B2CC-2240F60D01B3}
	EndGlobalSection
EndGlobal
